
Microsoft Visual Studio Solution File, Format Version 12.00
# Visual Studio 15
VisualStudioVersion = 15.0.27703.2026
MinimumVisualStudioVersion = 10.0.40219.1
Project("{9A19103F-16F7-4668-BE54-9A1E7A4F7556}") = "Stateful", "Stateful\Stateful.csproj", "{2BB98CA3-C520-44C7-B971-ED4116A34225}"
EndProject
Project("{9A19103F-16F7-4668-BE54-9A1E7A4F7556}") = "Stateful.ServiceFabric.Actors", "Stateful.ServiceFabric.Actors\Stateful.ServiceFabric.Actors.csproj", "{65DB92C7-DF6B-4ADB-BA81-B80FF85CFA45}"
EndProject
Project("{FAE04EC0-301F-11D3-BF4B-00C04F79EFBC}") = "Stateful.Tests", "Stateful.Tests\Stateful.Tests.csproj", "{309D904F-720D-41D0-9032-15AA1CBBD6E4}"
EndProject
Global
	GlobalSection(SolutionConfigurationPlatforms) = preSolution
		Debug|Any CPU = Debug|Any CPU
		Release|Any CPU = Release|Any CPU
	EndGlobalSection
	GlobalSection(ProjectConfigurationPlatforms) = postSolution
		{2BB98CA3-C520-44C7-B971-ED4116A34225}.Debug|Any CPU.ActiveCfg = Debug|Any CPU
		{2BB98CA3-C520-44C7-B971-ED4116A34225}.Debug|Any CPU.Build.0 = Debug|Any CPU
		{2BB98CA3-C520-44C7-B971-ED4116A34225}.Release|Any CPU.ActiveCfg = Release|Any CPU
		{2BB98CA3-C520-44C7-B971-ED4116A34225}.Release|Any CPU.Build.0 = Release|Any CPU
		{65DB92C7-DF6B-4ADB-BA81-B80FF85CFA45}.Debug|Any CPU.ActiveCfg = Debug|Any CPU
		{65DB92C7-DF6B-4ADB-BA81-B80FF85CFA45}.Debug|Any CPU.Build.0 = Debug|Any CPU
		{65DB92C7-DF6B-4ADB-BA81-B80FF85CFA45}.Release|Any CPU.ActiveCfg = Release|Any CPU
		{65DB92C7-DF6B-4ADB-BA81-B80FF85CFA45}.Release|Any CPU.Build.0 = Release|Any CPU
		{309D904F-720D-41D0-9032-15AA1CBBD6E4}.Debug|Any CPU.ActiveCfg = Debug|Any CPU
		{309D904F-720D-41D0-9032-15AA1CBBD6E4}.Debug|Any CPU.Build.0 = Debug|Any CPU
		{309D904F-720D-41D0-9032-15AA1CBBD6E4}.Release|Any CPU.ActiveCfg = Release|Any CPU
		{309D904F-720D-41D0-9032-15AA1CBBD6E4}.Release|Any CPU.Build.0 = Release|Any CPU
	EndGlobalSection
	GlobalSection(SolutionProperties) = preSolution
		HideSolutionNode = FALSE
	EndGlobalSection
	GlobalSection(ExtensibilityGlobals) = postSolution
		SolutionGuid = {2277EC81-CEFB-473A-A32A-711C8BFE0F09}
	EndGlobalSection
EndGlobal
