
Microsoft Visual Studio Solution File, Format Version 12.00
# Visual Studio 15
VisualStudioVersion = 15.0.27703.2026
MinimumVisualStudioVersion = 10.0.40219.1
Project("{FAE04EC0-301F-11D3-BF4B-00C04F79EFBC}") = "Stateful", "Stateful\Stateful.csproj", "{2BB98CA3-C520-44C7-B971-ED4116A34225}"
EndProject
Global
	GlobalSection(SolutionConfigurationPlatforms) = preSolution
		Debug|Any CPU = Debug|Any CPU
		Release|Any CPU = Release|Any CPU
	EndGlobalSection
	GlobalSection(ProjectConfigurationPlatforms) = postSolution
		{2BB98CA3-C520-44C7-B971-ED4116A34225}.Debug|Any CPU.ActiveCfg = Debug|Any CPU
		{2BB98CA3-C520-44C7-B971-ED4116A34225}.Debug|Any CPU.Build.0 = Debug|Any CPU
		{2BB98CA3-C520-44C7-B971-ED4116A34225}.Release|Any CPU.ActiveCfg = Release|Any CPU
		{2BB98CA3-C520-44C7-B971-ED4116A34225}.Release|Any CPU.Build.0 = Release|Any CPU
	EndGlobalSection
	GlobalSection(SolutionProperties) = preSolution
		HideSolutionNode = FALSE
	EndGlobalSection
	GlobalSection(ExtensibilityGlobals) = postSolution
		SolutionGuid = {2277EC81-CEFB-473A-A32A-711C8BFE0F09}
	EndGlobalSection
EndGlobal
